
Microsoft Visual Studio Solution File, Format Version 12.00
# Visual Studio 2013
VisualStudioVersion = 12.0.31101.0
MinimumVisualStudioVersion = 10.0.40219.1
Project("{FAE04EC0-301F-11D3-BF4B-00C04F79EFBC}") = "ArithmeticExpressionParser", "ArithmeticExpressionParser\ArithmeticExpressionParser.csproj", "{EABABFF5-FC94-41BD-ABC1-A3A26BD9D493}"
EndProject
Project("{FAE04EC0-301F-11D3-BF4B-00C04F79EFBC}") = "ArithmeticExpressionParser.Tests", "ArithmeticExpressionParser.Tests\ArithmeticExpressionParser.Tests.csproj", "{0726A7BE-7957-4DAF-9E10-E76AE1A65006}"
EndProject
Global
	GlobalSection(SolutionConfigurationPlatforms) = preSolution
		Debug|Any CPU = Debug|Any CPU
		Release|Any CPU = Release|Any CPU
	EndGlobalSection
	GlobalSection(ProjectConfigurationPlatforms) = postSolution
		{EABABFF5-FC94-41BD-ABC1-A3A26BD9D493}.Debug|Any CPU.ActiveCfg = Debug|Any CPU
		{EABABFF5-FC94-41BD-ABC1-A3A26BD9D493}.Debug|Any CPU.Build.0 = Debug|Any CPU
		{EABABFF5-FC94-41BD-ABC1-A3A26BD9D493}.Release|Any CPU.ActiveCfg = Release|Any CPU
		{EABABFF5-FC94-41BD-ABC1-A3A26BD9D493}.Release|Any CPU.Build.0 = Release|Any CPU
		{0726A7BE-7957-4DAF-9E10-E76AE1A65006}.Debug|Any CPU.ActiveCfg = Debug|Any CPU
		{0726A7BE-7957-4DAF-9E10-E76AE1A65006}.Debug|Any CPU.Build.0 = Debug|Any CPU
		{0726A7BE-7957-4DAF-9E10-E76AE1A65006}.Release|Any CPU.ActiveCfg = Release|Any CPU
		{0726A7BE-7957-4DAF-9E10-E76AE1A65006}.Release|Any CPU.Build.0 = Release|Any CPU
	EndGlobalSection
	GlobalSection(SolutionProperties) = preSolution
		HideSolutionNode = FALSE
	EndGlobalSection
EndGlobal
